
Microsoft Visual Studio Solution File, Format Version 12.00
# Visual Studio Version 17
VisualStudioVersion = 17.8.34511.84
MinimumVisualStudioVersion = 10.0.40219.1
Project("{FAE04EC0-301F-11D3-BF4B-00C04F79EFBC}") = "R3WpfUITemplate", "R3WpfUITemplate\R3WpfUITemplate.csproj", "{F161D4E5-D888-4BDA-915F-ABDD11600F7C}"
EndProject
Global
	GlobalSection(SolutionConfigurationPlatforms) = preSolution
		Debug|Any CPU = Debug|Any CPU
		Release|Any CPU = Release|Any CPU
	EndGlobalSection
	GlobalSection(ProjectConfigurationPlatforms) = postSolution
		{F161D4E5-D888-4BDA-915F-ABDD11600F7C}.Debug|Any CPU.ActiveCfg = Debug|Any CPU
		{F161D4E5-D888-4BDA-915F-ABDD11600F7C}.Debug|Any CPU.Build.0 = Debug|Any CPU
		{F161D4E5-D888-4BDA-915F-ABDD11600F7C}.Release|Any CPU.ActiveCfg = Release|Any CPU
		{F161D4E5-D888-4BDA-915F-ABDD11600F7C}.Release|Any CPU.Build.0 = Release|Any CPU
	EndGlobalSection
	GlobalSection(SolutionProperties) = preSolution
		HideSolutionNode = FALSE
	EndGlobalSection
	GlobalSection(ExtensibilityGlobals) = postSolution
		SolutionGuid = {42968586-A802-4ECF-9BD5-7A78C26E93CF}
	EndGlobalSection
EndGlobal
